
Microsoft Visual Studio Solution File, Format Version 12.00
# Visual Studio Version 17
VisualStudioVersion = 17.14.36603.0 d17.14
MinimumVisualStudioVersion = 10.0.40219.1
Project("{FAE04EC0-301F-11D3-BF4B-00C04F79EFBC}") = "SortIt", "SortIt.csproj", "{776CE791-0B6F-4BC3-B986-B8808EC0238E}"
EndProject
Global
	GlobalSection(SolutionConfigurationPlatforms) = preSolution
		Debug|Any CPU = Debug|Any CPU
		Release|Any CPU = Release|Any CPU
	EndGlobalSection
	GlobalSection(ProjectConfigurationPlatforms) = postSolution
		{776CE791-0B6F-4BC3-B986-B8808EC0238E}.Debug|Any CPU.ActiveCfg = Debug|Any CPU
		{776CE791-0B6F-4BC3-B986-B8808EC0238E}.Debug|Any CPU.Build.0 = Debug|Any CPU
		{776CE791-0B6F-4BC3-B986-B8808EC0238E}.Release|Any CPU.ActiveCfg = Release|Any CPU
		{776CE791-0B6F-4BC3-B986-B8808EC0238E}.Release|Any CPU.Build.0 = Release|Any CPU
	EndGlobalSection
	GlobalSection(SolutionProperties) = preSolution
		HideSolutionNode = FALSE
	EndGlobalSection
	GlobalSection(ExtensibilityGlobals) = postSolution
		SolutionGuid = {C4B64964-20B0-43B5-B189-5739E31C60B1}
	EndGlobalSection
EndGlobal
